
Microsoft Visual Studio Solution File, Format Version 12.00
# Visual Studio Version 16
VisualStudioVersion = 16.0.32413.511
MinimumVisualStudioVersion = 10.0.40219.1
Project("{8BC9CEB8-8B4A-11D0-8D11-00A0C91BC942}") = "Project_TextOcr2", "Project_TextOcr2\Project_TextOcr2.vcxproj", "{168FA286-1B51-4A5B-9675-74F21F35BBD1}"
EndProject
Global
	GlobalSection(SolutionConfigurationPlatforms) = preSolution
		Debug|x64 = Debug|x64
		Debug|x86 = Debug|x86
		Release|x64 = Release|x64
		Release|x86 = Release|x86
	EndGlobalSection
	GlobalSection(ProjectConfigurationPlatforms) = postSolution
		{168FA286-1B51-4A5B-9675-74F21F35BBD1}.Debug|x64.ActiveCfg = Debug|x64
		{168FA286-1B51-4A5B-9675-74F21F35BBD1}.Debug|x64.Build.0 = Debug|x64
		{168FA286-1B51-4A5B-9675-74F21F35BBD1}.Debug|x86.ActiveCfg = Debug|Win32
		{168FA286-1B51-4A5B-9675-74F21F35BBD1}.Debug|x86.Build.0 = Debug|Win32
		{168FA286-1B51-4A5B-9675-74F21F35BBD1}.Release|x64.ActiveCfg = Release|x64
		{168FA286-1B51-4A5B-9675-74F21F35BBD1}.Release|x64.Build.0 = Release|x64
		{168FA286-1B51-4A5B-9675-74F21F35BBD1}.Release|x86.ActiveCfg = Release|Win32
		{168FA286-1B51-4A5B-9675-74F21F35BBD1}.Release|x86.Build.0 = Release|Win32
	EndGlobalSection
	GlobalSection(SolutionProperties) = preSolution
		HideSolutionNode = FALSE
	EndGlobalSection
	GlobalSection(ExtensibilityGlobals) = postSolution
		SolutionGuid = {F2ABD049-5CE2-407A-99C7-063B5B845101}
	EndGlobalSection
EndGlobal
